
Microsoft Visual Studio Solution File, Format Version 12.00
Project("{FAE04EC0-301F-11D3-BF4B-00C04F79EFBC}") = "pokemon-dotnet", "pokemon-dotnet\pokemon-dotnet.csproj", "{D7EEF7FB-E36B-4DFA-9194-11648A352B5B}"
EndProject
Global
	GlobalSection(SolutionConfigurationPlatforms) = preSolution
		Debug|Any CPU = Debug|Any CPU
		Release|Any CPU = Release|Any CPU
	EndGlobalSection
	GlobalSection(ProjectConfigurationPlatforms) = postSolution
		{D7EEF7FB-E36B-4DFA-9194-11648A352B5B}.Debug|Any CPU.ActiveCfg = Debug|Any CPU
		{D7EEF7FB-E36B-4DFA-9194-11648A352B5B}.Debug|Any CPU.Build.0 = Debug|Any CPU
		{D7EEF7FB-E36B-4DFA-9194-11648A352B5B}.Release|Any CPU.ActiveCfg = Release|Any CPU
		{D7EEF7FB-E36B-4DFA-9194-11648A352B5B}.Release|Any CPU.Build.0 = Release|Any CPU
	EndGlobalSection
EndGlobal
